
Microsoft Visual Studio Solution File, Format Version 12.00
# Visual Studio Version 16
VisualStudioVersion = 16.0.30204.135
MinimumVisualStudioVersion = 10.0.40219.1
Project("{FAE04EC0-301F-11D3-BF4B-00C04F79EFBC}") = "EmployeeApp", "EmployeeApp\EmployeeApp.csproj", "{0C999481-3843-4914-BB6D-3F35510F3A42}"
EndProject
Global
	GlobalSection(SolutionConfigurationPlatforms) = preSolution
		Debug|Any CPU = Debug|Any CPU
		Release|Any CPU = Release|Any CPU
	EndGlobalSection
	GlobalSection(ProjectConfigurationPlatforms) = postSolution
		{0C999481-3843-4914-BB6D-3F35510F3A42}.Debug|Any CPU.ActiveCfg = Debug|Any CPU
		{0C999481-3843-4914-BB6D-3F35510F3A42}.Debug|Any CPU.Build.0 = Debug|Any CPU
		{0C999481-3843-4914-BB6D-3F35510F3A42}.Release|Any CPU.ActiveCfg = Release|Any CPU
		{0C999481-3843-4914-BB6D-3F35510F3A42}.Release|Any CPU.Build.0 = Release|Any CPU
	EndGlobalSection
	GlobalSection(SolutionProperties) = preSolution
		HideSolutionNode = FALSE
	EndGlobalSection
	GlobalSection(ExtensibilityGlobals) = postSolution
		SolutionGuid = {06CD02AB-73C9-4DCD-A1D3-E8943E4952E4}
	EndGlobalSection
EndGlobal
